
Microsoft Visual Studio Solution File, Format Version 12.00
Project("{FAE04EC0-301F-11D3-BF4B-00C04F79EFBC}") = "SOApiProject", "SOApiProject\SOApiProject.csproj", "{3B032A6F-9803-400F-8A11-58AEB054F3EA}"
EndProject
Global
	GlobalSection(SolutionConfigurationPlatforms) = preSolution
		Debug|Any CPU = Debug|Any CPU
		Release|Any CPU = Release|Any CPU
	EndGlobalSection
	GlobalSection(ProjectConfigurationPlatforms) = postSolution
		{3B032A6F-9803-400F-8A11-58AEB054F3EA}.Debug|Any CPU.ActiveCfg = Debug|Any CPU
		{3B032A6F-9803-400F-8A11-58AEB054F3EA}.Debug|Any CPU.Build.0 = Debug|Any CPU
		{3B032A6F-9803-400F-8A11-58AEB054F3EA}.Release|Any CPU.ActiveCfg = Release|Any CPU
		{3B032A6F-9803-400F-8A11-58AEB054F3EA}.Release|Any CPU.Build.0 = Release|Any CPU
	EndGlobalSection
EndGlobal
